
Microsoft Visual Studio Solution File, Format Version 12.00
# Visual Studio Version 17
VisualStudioVersion = 17.13.35825.156 d17.13
MinimumVisualStudioVersion = 10.0.40219.1
Project("{FAE04EC0-301F-11D3-BF4B-00C04F79EFBC}") = "MinafaraECS", "MinafaraECS\MinafaraECS.csproj", "{7E322061-2C98-4233-8B37-65CD2E4C464A}"
EndProject
Global
	GlobalSection(SolutionConfigurationPlatforms) = preSolution
		Debug|Any CPU = Debug|Any CPU
		Release|Any CPU = Release|Any CPU
	EndGlobalSection
	GlobalSection(ProjectConfigurationPlatforms) = postSolution
		{7E322061-2C98-4233-8B37-65CD2E4C464A}.Debug|Any CPU.ActiveCfg = Debug|Any CPU
		{7E322061-2C98-4233-8B37-65CD2E4C464A}.Debug|Any CPU.Build.0 = Debug|Any CPU
		{7E322061-2C98-4233-8B37-65CD2E4C464A}.Release|Any CPU.ActiveCfg = Release|Any CPU
		{7E322061-2C98-4233-8B37-65CD2E4C464A}.Release|Any CPU.Build.0 = Release|Any CPU
	EndGlobalSection
	GlobalSection(SolutionProperties) = preSolution
		HideSolutionNode = FALSE
	EndGlobalSection
	GlobalSection(ExtensibilityGlobals) = postSolution
		SolutionGuid = {18510EF4-C622-4933-8054-BAAC73CC9456}
	EndGlobalSection
EndGlobal
